
Microsoft Visual Studio Solution File, Format Version 12.00
# Visual Studio 15
VisualStudioVersion = 15.0.27004.2009
MinimumVisualStudioVersion = 10.0.40219.1
Project("{FAE04EC0-301F-11D3-BF4B-00C04F79EFBC}") = "Leksikografski poredak", "Leksikografski poredak\Leksikografski poredak.csproj", "{EDFBAD6B-1834-45D6-B076-743CF301C470}"
EndProject
Global
	GlobalSection(SolutionConfigurationPlatforms) = preSolution
		Debug|Any CPU = Debug|Any CPU
		Release|Any CPU = Release|Any CPU
	EndGlobalSection
	GlobalSection(ProjectConfigurationPlatforms) = postSolution
		{EDFBAD6B-1834-45D6-B076-743CF301C470}.Debug|Any CPU.ActiveCfg = Debug|Any CPU
		{EDFBAD6B-1834-45D6-B076-743CF301C470}.Debug|Any CPU.Build.0 = Debug|Any CPU
		{EDFBAD6B-1834-45D6-B076-743CF301C470}.Release|Any CPU.ActiveCfg = Release|Any CPU
		{EDFBAD6B-1834-45D6-B076-743CF301C470}.Release|Any CPU.Build.0 = Release|Any CPU
	EndGlobalSection
	GlobalSection(SolutionProperties) = preSolution
		HideSolutionNode = FALSE
	EndGlobalSection
	GlobalSection(ExtensibilityGlobals) = postSolution
		SolutionGuid = {DC3371D1-8902-48B8-9B4F-2BD69E736A53}
	EndGlobalSection
EndGlobal
